
Microsoft Visual Studio Solution File, Format Version 12.00
# Visual Studio 15
VisualStudioVersion = 15.0.27130.2027
MinimumVisualStudioVersion = 10.0.40219.1
Project("{FAE04EC0-301F-11D3-BF4B-00C04F79EFBC}") = "SneikChatServer", "SneikChatServer\SneikChatServer.csproj", "{2833288B-BA27-43CE-B8E0-DF587614843D}"
EndProject
Global
	GlobalSection(SolutionConfigurationPlatforms) = preSolution
		Debug|Any CPU = Debug|Any CPU
		Release|Any CPU = Release|Any CPU
	EndGlobalSection
	GlobalSection(ProjectConfigurationPlatforms) = postSolution
		{2833288B-BA27-43CE-B8E0-DF587614843D}.Debug|Any CPU.ActiveCfg = Debug|Any CPU
		{2833288B-BA27-43CE-B8E0-DF587614843D}.Debug|Any CPU.Build.0 = Debug|Any CPU
		{2833288B-BA27-43CE-B8E0-DF587614843D}.Release|Any CPU.ActiveCfg = Release|Any CPU
		{2833288B-BA27-43CE-B8E0-DF587614843D}.Release|Any CPU.Build.0 = Release|Any CPU
	EndGlobalSection
	GlobalSection(SolutionProperties) = preSolution
		HideSolutionNode = FALSE
	EndGlobalSection
	GlobalSection(ExtensibilityGlobals) = postSolution
		SolutionGuid = {EF048F0E-9C0A-4731-A305-BB7DD41198F6}
	EndGlobalSection
EndGlobal
